
Microsoft Visual Studio Solution File, Format Version 12.00
# Visual Studio 15
VisualStudioVersion = 15.0.28307.705
MinimumVisualStudioVersion = 10.0.40219.1
Project("{9A19103F-16F7-4668-BE54-9A1E7A4F7556}") = "IntranetCPT", "IntranetCPT\IntranetCPT.csproj", "{03D041E3-BEF8-4C25-81BE-A62E9F3AED31}"
EndProject
Project("{FAE04EC0-301F-11D3-BF4B-00C04F79EFBC}") = "IntranetCPT.Dominio", "IntranetCPT.Dominio\IntranetCPT.Dominio.csproj", "{57773F0C-24F5-4E3A-A618-1BEF9E0DB68C}"
EndProject
Project("{FAE04EC0-301F-11D3-BF4B-00C04F79EFBC}") = "IntranetCPT.Infra.Dados", "IntranetCPT.Infra.Dados\IntranetCPT.Infra.Dados.csproj", "{9E16BCF6-8A4A-4A99-8C09-17A33DEDF23F}"
EndProject
Project("{FAE04EC0-301F-11D3-BF4B-00C04F79EFBC}") = "IntranetCPT.Servicos", "IntranetCPT.Servicos\IntranetCPT.Servicos.csproj", "{18818622-8636-4661-AF5E-15257083EB2A}"
EndProject
Global
	GlobalSection(SolutionConfigurationPlatforms) = preSolution
		Debug|Any CPU = Debug|Any CPU
		Release|Any CPU = Release|Any CPU
	EndGlobalSection
	GlobalSection(ProjectConfigurationPlatforms) = postSolution
		{03D041E3-BEF8-4C25-81BE-A62E9F3AED31}.Debug|Any CPU.ActiveCfg = Debug|Any CPU
		{03D041E3-BEF8-4C25-81BE-A62E9F3AED31}.Debug|Any CPU.Build.0 = Debug|Any CPU
		{03D041E3-BEF8-4C25-81BE-A62E9F3AED31}.Release|Any CPU.ActiveCfg = Release|Any CPU
		{03D041E3-BEF8-4C25-81BE-A62E9F3AED31}.Release|Any CPU.Build.0 = Release|Any CPU
		{57773F0C-24F5-4E3A-A618-1BEF9E0DB68C}.Debug|Any CPU.ActiveCfg = Debug|Any CPU
		{57773F0C-24F5-4E3A-A618-1BEF9E0DB68C}.Debug|Any CPU.Build.0 = Debug|Any CPU
		{57773F0C-24F5-4E3A-A618-1BEF9E0DB68C}.Release|Any CPU.ActiveCfg = Release|Any CPU
		{57773F0C-24F5-4E3A-A618-1BEF9E0DB68C}.Release|Any CPU.Build.0 = Release|Any CPU
		{9E16BCF6-8A4A-4A99-8C09-17A33DEDF23F}.Debug|Any CPU.ActiveCfg = Debug|Any CPU
		{9E16BCF6-8A4A-4A99-8C09-17A33DEDF23F}.Debug|Any CPU.Build.0 = Debug|Any CPU
		{9E16BCF6-8A4A-4A99-8C09-17A33DEDF23F}.Release|Any CPU.ActiveCfg = Release|Any CPU
		{9E16BCF6-8A4A-4A99-8C09-17A33DEDF23F}.Release|Any CPU.Build.0 = Release|Any CPU
		{18818622-8636-4661-AF5E-15257083EB2A}.Debug|Any CPU.ActiveCfg = Debug|Any CPU
		{18818622-8636-4661-AF5E-15257083EB2A}.Debug|Any CPU.Build.0 = Debug|Any CPU
		{18818622-8636-4661-AF5E-15257083EB2A}.Release|Any CPU.ActiveCfg = Release|Any CPU
		{18818622-8636-4661-AF5E-15257083EB2A}.Release|Any CPU.Build.0 = Release|Any CPU
	EndGlobalSection
	GlobalSection(SolutionProperties) = preSolution
		HideSolutionNode = FALSE
	EndGlobalSection
	GlobalSection(ExtensibilityGlobals) = postSolution
		SolutionGuid = {EC816FD2-D8E9-4456-B2DB-6B1B4EAC86DC}
	EndGlobalSection
EndGlobal
